
Microsoft Visual Studio Solution File, Format Version 12.00
# Visual Studio Version 17
VisualStudioVersion = 17.9.34728.123
MinimumVisualStudioVersion = 10.0.40219.1
Project("{FAE04EC0-301F-11D3-BF4B-00C04F79EFBC}") = "CoffeeEvidenceDesktop", "CoffeeEvidenceDesktop\CoffeeEvidenceDesktop.csproj", "{958C00C1-5629-454D-87C2-4D433CFE54A5}"
EndProject
Global
	GlobalSection(SolutionConfigurationPlatforms) = preSolution
		Debug|Any CPU = Debug|Any CPU
		Release|Any CPU = Release|Any CPU
	EndGlobalSection
	GlobalSection(ProjectConfigurationPlatforms) = postSolution
		{958C00C1-5629-454D-87C2-4D433CFE54A5}.Debug|Any CPU.ActiveCfg = Debug|Any CPU
		{958C00C1-5629-454D-87C2-4D433CFE54A5}.Debug|Any CPU.Build.0 = Debug|Any CPU
		{958C00C1-5629-454D-87C2-4D433CFE54A5}.Debug|Any CPU.Deploy.0 = Debug|Any CPU
		{958C00C1-5629-454D-87C2-4D433CFE54A5}.Release|Any CPU.ActiveCfg = Release|Any CPU
		{958C00C1-5629-454D-87C2-4D433CFE54A5}.Release|Any CPU.Build.0 = Release|Any CPU
		{958C00C1-5629-454D-87C2-4D433CFE54A5}.Release|Any CPU.Deploy.0 = Release|Any CPU
	EndGlobalSection
	GlobalSection(SolutionProperties) = preSolution
		HideSolutionNode = FALSE
	EndGlobalSection
	GlobalSection(ExtensibilityGlobals) = postSolution
		SolutionGuid = {0D5A0559-1C01-4F47-AE5E-08EB12600D5A}
	EndGlobalSection
EndGlobal
